Microsoft Visual Studio Solution File, Format Version 11.00
# Visual Studio 2008

Project("{1867F957-279E-8ED2-997F-49203DF1A8C7}") = "StaticAttributesDemo", "Assembly-CSharp-vs.csproj", "{2FD0B11D-7045-3A61-4954-969DFE49B5A2}"
EndProject
Global
	GlobalSection(SolutionConfigurationPlatforms) = preSolution
		Debug|Any CPU = Debug|Any CPU
		Release|Any CPU = Release|Any CPU
	EndGlobalSection
	GlobalSection(ProjectConfigurationPlatforms) = postSolution
		{2FD0B11D-7045-3A61-4954-969DFE49B5A2}.Debug|Any CPU.ActiveCfg = Debug|Any CPU
		{2FD0B11D-7045-3A61-4954-969DFE49B5A2}.Debug|Any CPU.Build.0 = Debug|Any CPU
		{2FD0B11D-7045-3A61-4954-969DFE49B5A2}.Release|Any CPU.ActiveCfg = Release|Any CPU
		{2FD0B11D-7045-3A61-4954-969DFE49B5A2}.Release|Any CPU.Build.0 = Release|Any CPU
	EndGlobalSection
	GlobalSection(SolutionProperties) = preSolution
		HideSolutionNode = FALSE
	EndGlobalSection
							GlobalSection(MonoDevelopProperties) = preSolution
		StartupItem = Assembly-CSharp.csproj
		Policies = $0
		$0.TextStylePolicy = $1
		$1.inheritsSet = null
		$1.scope = text/x-csharp
		$0.CSharpFormattingPolicy = $2
		$2.inheritsSet = Mono
		$2.inheritsScope = text/x-csharp
		$2.scope = text/x-csharp
		$0.TextStylePolicy = $3
		$3.FileWidth = 120
		$3.TabWidth = 4
		$3.EolMarker = Unix
		$3.inheritsSet = Mono
		$3.inheritsScope = text/plain
		$3.scope = text/plain
	EndGlobalSection

EndGlobal
